{
  "name": "consignor-agent",
  "version": "1.0.0",
  "lockfileVersion": 3,
  "requires": true,
  "packages": {
    "": {
      "name": "consignor-agent",
      "version": "1.0.0",
      "license": "ISC",
      "dependencies": {
        "@notionhq/client": "^4.0.1",
        "node-fetch": "^3.3.2",
        "notion-client": "^7.4.2"
      }
    },
    "node_modules/@notionhq/client": {
      "version": "4.0.1",
      "resolved": "https://registry.npmjs.org/@notionhq/client/-/client-4.0.1.tgz",
      "integrity": "sha512-SdILqiiThECLR2KDUOvl4JqRaJWBwDYaEw/f0qu+G6rKN/QUCkaJ84vN5MgBw1yKsMAsKxBlDazs3Jw6vv2ikA==",
      "license": "MIT",
      "engines": {
        "node": ">=18"
      }
    },
    "node_modules/data-uri-to-buffer": {
      "version": "4.0.1",
      "resolved": "https://registry.npmjs.org/data-uri-to-buffer/-/data-uri-to-buffer-4.0.1.tgz",
      "integrity": "sha512-0R9ikRb668HB7QDxT1vkpuUBtqc53YyAwMwGeUFKRojY/NWKvdZ+9UYtRfGmhqNbRkTSVpMbmyhXipFFv2cb/A==",
      "license": "MIT",
      "engines": {
        "node": ">= 12"
      }
    },
    "node_modules/eventemitter3": {
      "version": "5.0.1",
      "resolved": "https://registry.npmjs.org/eventemitter3/-/eventemitter3-5.0.1.tgz",
      "integrity": "sha512-GWkBvjiSZK87ELrYOSESUYeVIc9mvLLf/nXalMOS5dYrgZq9o5OVkbZAVM06CVxYsCwH9BDZFPlQTlPA1j4ahA==",
      "license": "MIT"
    },
    "node_modules/fetch-blob": {
      "version": "3.2.0",
      "resolved": "https://registry.npmjs.org/fetch-blob/-/fetch-blob-3.2.0.tgz",
      "integrity": "sha512-7yAQpD2UMJzLi1Dqv7qFYnPbaPx7ZfFK6PiIxQ4PfkGPyNyl2Ugx+a/umUonmKqjhM4DnfbMvdX6otXq83soQQ==",
      "funding": [
        {
          "type": "github",
          "url": "https://github.com/sponsors/jimmywarting"
        },
        {
          "type": "paypal",
          "url": "https://paypal.me/jimmywarting"
        }
      ],
      "license": "MIT",
      "dependencies": {
        "node-domexception": "^1.0.0",
        "web-streams-polyfill": "^3.0.3"
      },
      "engines": {
        "node": "^12.20 || >= 14.13"
      }
    },
    "node_modules/formdata-polyfill": {
      "version": "4.0.10",
      "resolved": "https://registry.npmjs.org/formdata-polyfill/-/formdata-polyfill-4.0.10.tgz",
      "integrity": "sha512-buewHzMvYL29jdeQTVILecSaZKnt/RJWjoZCF5OW60Z67/GmSLBkOFM7qh1PI3zFNtJbaZL5eQu1vLfazOwj4g==",
      "license": "MIT",
      "dependencies": {
        "fetch-blob": "^3.1.2"
      },
      "engines": {
        "node": ">=12.20.0"
      }
    },
    "node_modules/is-url-superb": {
      "version": "6.1.0",
      "resolved": "https://registry.npmjs.org/is-url-superb/-/is-url-superb-6.1.0.tgz",
      "integrity": "sha512-LXdhGlYqUPdvEyIhWPEEwYYK3yrUiPcBjmFGlZNv1u5GtIL5qQRf7ddDyPNAvsMFqdzS923FROpTQU97tLe3JQ==",
      "license": "MIT",
      "engines": {
        "node": ">=12"
      },
      "funding": {
        "url": "https://github.com/sponsors/sindresorhus"
      }
    },
    "node_modules/ky": {
      "version": "1.8.1",
      "resolved": "https://registry.npmjs.org/ky/-/ky-1.8.1.tgz",
      "integrity": "sha512-7Bp3TpsE+L+TARSnnDpk3xg8Idi8RwSLdj6CMbNWoOARIrGrbuLGusV0dYwbZOm4bB3jHNxSw8Wk/ByDqJEnDw==",
      "license": "MIT",
      "engines": {
        "node": ">=18"
      },
      "funding": {
        "url": "https://github.com/sindresorhus/ky?sponsor=1"
      }
    },
    "node_modules/memoize": {
      "version": "10.1.0",
      "resolved": "https://registry.npmjs.org/memoize/-/memoize-10.1.0.tgz",
      "integrity": "sha512-MMbFhJzh4Jlg/poq1si90XRlTZRDHVqdlz2mPyGJ6kqMpyHUyVpDd5gpFAvVehW64+RA1eKE9Yt8aSLY7w2Kgg==",
      "license": "MIT",
      "dependencies": {
        "mimic-function": "^5.0.1"
      },
      "engines": {
        "node": ">=18"
      },
      "funding": {
        "url": "https://github.com/sindresorhus/memoize?sponsor=1"
      }
    },
    "node_modules/mimic-function": {
      "version": "5.0.1",
      "resolved": "https://registry.npmjs.org/mimic-function/-/mimic-function-5.0.1.tgz",
      "integrity": "sha512-VP79XUPxV2CigYP3jWwAUFSku2aKqBH7uTAapFWCBqutsbmDo96KY5o8uh6U+/YSIn5OxJnXp73beVkpqMIGhA==",
      "license": "MIT",
      "engines": {
        "node": ">=18"
      },
      "funding": {
        "url": "https://github.com/sponsors/sindresorhus"
      }
    },
    "node_modules/node-domexception": {
      "version": "1.0.0",
      "resolved": "https://registry.npmjs.org/node-domexception/-/node-domexception-1.0.0.tgz",
      "integrity": "sha512-/jKZoMpw0F8GRwl4/eLROPA3cfcXtLApP0QzLmUT/HuPCZWyB7IY9ZrMeKw2O/nFIqPQB3PVM9aYm0F312AXDQ==",
      "deprecated": "Use your platform's native DOMException instead",
      "funding": [
        {
          "type": "github",
          "url": "https://github.com/sponsors/jimmywarting"
        },
        {
          "type": "github",
          "url": "https://paypal.me/jimmywarting"
        }
      ],
      "license": "MIT",
      "engines": {
        "node": ">=10.5.0"
      }
    },
    "node_modules/node-fetch": {
      "version": "3.3.2",
      "resolved": "https://registry.npmjs.org/node-fetch/-/node-fetch-3.3.2.tgz",
      "integrity": "sha512-dRB78srN/l6gqWulah9SrxeYnxeddIG30+GOqK/9OlLVyLg3HPnr6SqOWTWOXKRwC2eGYCkZ59NNuSgvSrpgOA==",
      "license": "MIT",
      "dependencies": {
        "data-uri-to-buffer": "^4.0.0",
        "fetch-blob": "^3.1.4",
        "formdata-polyfill": "^4.0.10"
      },
      "engines": {
        "node": "^12.20.0 || ^14.13.1 || >=16.0.0"
      },
      "funding": {
        "type": "opencollective",
        "url": "https://opencollective.com/node-fetch"
      }
    },
    "node_modules/normalize-url": {
      "version": "8.0.2",
      "resolved": "https://registry.npmjs.org/normalize-url/-/normalize-url-8.0.2.tgz",
      "integrity": "sha512-Ee/R3SyN4BuynXcnTaekmaVdbDAEiNrHqjQIA37mHU8G9pf7aaAD4ZX3XjBLo6rsdcxA/gtkcNYZLt30ACgynw==",
      "license": "MIT",
      "engines": {
        "node": ">=14.16"
      },
      "funding": {
        "url": "https://github.com/sponsors/sindresorhus"
      }
    },
    "node_modules/notion-client": {
      "version": "7.4.2",
      "resolved": "https://registry.npmjs.org/notion-client/-/notion-client-7.4.2.tgz",
      "integrity": "sha512-cicASuxTL+ZuDe66Uyz90J4/y53EoNUwdrXEePX4KlBbvIkn23wPCfZGdToTmMJfovV2MPRxZuBQJ2UYPcwv2A==",
      "license": "MIT",
      "dependencies": {
        "ky": "^1.8.1",
        "notion-types": "7.4.2",
        "notion-utils": "7.4.2",
        "p-map": "^7.0.3"
      },
      "engines": {
        "node": ">=18"
      }
    },
    "node_modules/notion-types": {
      "version": "7.4.2",
      "resolved": "https://registry.npmjs.org/notion-types/-/notion-types-7.4.2.tgz",
      "integrity": "sha512-mCFra6z7DUcNXV11ypufmqcZL8poYAfSwSSyPBnuvzauGfH9MLDJ2Uv31H/0MFtn9qqddDdxV5lHkIzY1IRysg==",
      "license": "MIT",
      "engines": {
        "node": ">=18"
      }
    },
    "node_modules/notion-utils": {
      "version": "7.4.2",
      "resolved": "https://registry.npmjs.org/notion-utils/-/notion-utils-7.4.2.tgz",
      "integrity": "sha512-ga1+bhs9GLEpeYtP+gfc/PPgiVSTsyVtlZpArfjmNcPADMZdHCfZdVEjqW5NFMbVGsCMp7y7oabvuWqJvkAVnw==",
      "license": "MIT",
      "dependencies": {
        "is-url-superb": "^6.1.0",
        "memoize": "^10.1.0",
        "normalize-url": "^8.0.1",
        "notion-types": "7.4.2",
        "p-queue": "^8.1.0"
      },
      "engines": {
        "node": ">=18"
      }
    },
    "node_modules/p-map": {
      "version": "7.0.3",
      "resolved": "https://registry.npmjs.org/p-map/-/p-map-7.0.3.tgz",
      "integrity": "sha512-VkndIv2fIB99swvQoA65bm+fsmt6UNdGeIB0oxBs+WhAhdh08QA04JXpI7rbB9r08/nkbysKoya9rtDERYOYMA==",
      "license": "MIT",
      "engines": {
        "node": ">=18"
      },
      "funding": {
        "url": "https://github.com/sponsors/sindresorhus"
      }
    },
    "node_modules/p-queue": {
      "version": "8.1.0",
      "resolved": "https://registry.npmjs.org/p-queue/-/p-queue-8.1.0.tgz",
      "integrity": "sha512-mxLDbbGIBEXTJL0zEx8JIylaj3xQ7Z/7eEVjcF9fJX4DBiH9oqe+oahYnlKKxm0Ci9TlWTyhSHgygxMxjIB2jw==",
      "license": "MIT",
      "dependencies": {
        "eventemitter3": "^5.0.1",
        "p-timeout": "^6.1.2"
      },
      "engines": {
        "node": ">=18"
      },
      "funding": {
        "url": "https://github.com/sponsors/sindresorhus"
      }
    },
    "node_modules/p-timeout": {
      "version": "6.1.4",
      "resolved": "https://registry.npmjs.org/p-timeout/-/p-timeout-6.1.4.tgz",
      "integrity": "sha512-MyIV3ZA/PmyBN/ud8vV9XzwTrNtR4jFrObymZYnZqMmW0zA8Z17vnT0rBgFE/TlohB+YCHqXMgZzb3Csp49vqg==",
      "license": "MIT",
      "engines": {
        "node": ">=14.16"
      },
      "funding": {
        "url": "https://github.com/sponsors/sindresorhus"
      }
    },
    "node_modules/web-streams-polyfill": {
      "version": "3.3.3",
      "resolved": "https://registry.npmjs.org/web-streams-polyfill/-/web-streams-polyfill-3.3.3.tgz",
      "integrity": "sha512-d2JWLCivmZYTSIoge9MsgFCZrt571BikcWGYkjC1khllbTeDlGqZ2D8vD8E/lJa8WGWbb7Plm8/XJYV7IJHZZw==",
      "license": "MIT",
      "engines": {
        "node": ">= 8"
      }
    }
  }
}
